
Microsoft Visual Studio Solution File, Format Version 12.00
# Visual Studio Version 17
VisualStudioVersion = 17.11.35312.102
MinimumVisualStudioVersion = 10.0.40219.1
Project("{FAE04EC0-301F-11D3-BF4B-00C04F79EFBC}") = "Substrings", "Substrings\Substrings.csproj", "{6B3E3B60-2432-4C94-A87A-FE0FF691ADA4}"
EndProject
Global
	GlobalSection(SolutionConfigurationPlatforms) = preSolution
		Debug|Any CPU = Debug|Any CPU
		Release|Any CPU = Release|Any CPU
	EndGlobalSection
	GlobalSection(ProjectConfigurationPlatforms) = postSolution
		{6B3E3B60-2432-4C94-A87A-FE0FF691ADA4}.Debug|Any CPU.ActiveCfg = Debug|Any CPU
		{6B3E3B60-2432-4C94-A87A-FE0FF691ADA4}.Debug|Any CPU.Build.0 = Debug|Any CPU
		{6B3E3B60-2432-4C94-A87A-FE0FF691ADA4}.Release|Any CPU.ActiveCfg = Release|Any CPU
		{6B3E3B60-2432-4C94-A87A-FE0FF691ADA4}.Release|Any CPU.Build.0 = Release|Any CPU
	EndGlobalSection
	GlobalSection(SolutionProperties) = preSolution
		HideSolutionNode = FALSE
	EndGlobalSection
	GlobalSection(ExtensibilityGlobals) = postSolution
		SolutionGuid = {08FE2D07-31FA-4357-81A8-54276CDEE864}
	EndGlobalSection
EndGlobal
